
Microsoft Visual Studio Solution File, Format Version 12.00
# Visual Studio 15
VisualStudioVersion = 15.0.27703.2018
MinimumVisualStudioVersion = 10.0.40219.1
Project("{FAE04EC0-301F-11D3-BF4B-00C04F79EFBC}") = "WebAppUnitTest", "WebAppUnitTest\WebAppUnitTest.csproj", "{4E78B1B1-0123-4E26-94C3-543474F7E4C7}"
EndProject
Project("{FAE04EC0-301F-11D3-BF4B-00C04F79EFBC}") = "WebAppUnitTest.Tests", "WebAppUnitTest.Tests\WebAppUnitTest.Tests.csproj", "{1DE92847-CF05-40D5-906D-9D6981925ADD}"
EndProject
Global
	GlobalSection(SolutionConfigurationPlatforms) = preSolution
		Debug|Any CPU = Debug|Any CPU
		Release|Any CPU = Release|Any CPU
	EndGlobalSection
	GlobalSection(ProjectConfigurationPlatforms) = postSolution
		{4E78B1B1-0123-4E26-94C3-543474F7E4C7}.Debug|Any CPU.ActiveCfg = Debug|Any CPU
		{4E78B1B1-0123-4E26-94C3-543474F7E4C7}.Debug|Any CPU.Build.0 = Debug|Any CPU
		{4E78B1B1-0123-4E26-94C3-543474F7E4C7}.Release|Any CPU.ActiveCfg = Release|Any CPU
		{4E78B1B1-0123-4E26-94C3-543474F7E4C7}.Release|Any CPU.Build.0 = Release|Any CPU
		{1DE92847-CF05-40D5-906D-9D6981925ADD}.Debug|Any CPU.ActiveCfg = Debug|Any CPU
		{1DE92847-CF05-40D5-906D-9D6981925ADD}.Debug|Any CPU.Build.0 = Debug|Any CPU
		{1DE92847-CF05-40D5-906D-9D6981925ADD}.Release|Any CPU.ActiveCfg = Release|Any CPU
		{1DE92847-CF05-40D5-906D-9D6981925ADD}.Release|Any CPU.Build.0 = Release|Any CPU
	EndGlobalSection
	GlobalSection(SolutionProperties) = preSolution
		HideSolutionNode = FALSE
	EndGlobalSection
	GlobalSection(ExtensibilityGlobals) = postSolution
		SolutionGuid = {31848B99-D231-4AB2-9CDA-776F779B6014}
	EndGlobalSection
EndGlobal
